github.com/gogo/protobuf v0.0.0-20180717141946-636bf0302bc9 h1:EGUd+AQfZoi1OwZAoqekLbl4kq6tafFtKQSiN8nL21Y=
github.com/gogo/protobuf v0.0.0-20180717141946-636bf0302bc9/go.mod h1:r8qH/GZQm5c6nD/R0oafs1akxWv10x8SbQlK7atdtwQ=
github.com/golang/glog v0.0.0-20160126235308-23def4e6c14b/go.mod h1:SBH7ygxi8pfUlaOkMMuAQtPIUF8ecWP5IEl/CR7VP2Q=
github.com/golang/protobuf v0.0.0-20180814211427-aa810b61a9c7 h1:p/hiLRboJwYw/Zd17zl9YSKqGjsqEopH1+jdzSQvl7s=
github.com/golang/protobuf v0.0.0-20180814211427-aa810b61a9c7/go.mod h1:6lQm79b+lXiMfvg/cZm0SGofjICqVBUtrP5yJMmIC1U=
github.com/pingcap/kvproto v0.0.0-20191121022655-4c654046831d h1:aH7ZFzWEyBgUtG/YlLOU7pIx++PqtXlRT7zpHcEf2Rg=
github.com/pingcap/kvproto v0.0.0-20191121022655-4c654046831d/go.mod h1:WWLmULLO7l8IOcQG+t+ItJ3fEcrL5FxF0Wu+HrMy26w=
github.com/shirou/gopsutil v2.19.10+incompatible h1:lA4Pi29JEVIQIgATSeftHSY0rMGI9CLrl2ZvDLiahto=
github.com/shirou/gopsutil v2.19.10+incompatible/go.mod h1:5b4v6he4MtMOwMlS0TUMTu2PcXUg8+E1lC7eC3UO/RA=
golang.org/x/net v0.0.0-20181005035420-146acd28ed58 h1:otZG8yDCO4LVps5+9bxOeNiCvgmOyt96J3roHTYs7oE=
golang.org/x/net v0.0.0-20181005035420-146acd28ed58/go.mod h1:mL1N/T3taQHkDXs73rZJwtUhF3w3ftmwwsq0BUmARs4=
golang.org/x/sync v0.0.0-20181221193216-37e7f081c4d4/go.mod h1:RxMgew5VJxzue5/jJTE5uejpjVlOe/izrB70Jof72aM=
golang.org/x/sys v0.0.0-20191120155948-bd437916bb0e h1:N7DeIrjYszNmSW409R3frPPwglRwMkXSBzwVbkOjLLA=
golang.org/x/sys v0.0.0-20191120155948-bd437916bb0e/go.mod h1:h1NjWce9XRLGQEsW7wpKNCjG9DtNlClVuFLEZdDNbEs=
golang.org/x/text v0.3.0 h1:g61tztE5qeGQ89tm6NTjjM9VPIm088od1l6aSorWRWg=
golang.org/x/text v0.3.0/go.mod h1:NqM8EUOU14njkJ3fqMW+pc6Ldnwhi/IjpwHt7yyuwOQ=
google.golang.org/genproto v0.0.0-20181004005441-af9cb2a35e7f h1:FU37niK8AQ59mHcskRyQL7H0ErSeNh650vdcj8HqdSI=
google.golang.org/genproto v0.0.0-20181004005441-af9cb2a35e7f/go.mod h1:JiN7NxoALGmiZfu7CAH4rXhgtRTLTxftemlI0sWmxmc=
google.golang.org/grpc v0.0.0-20180607172857-7a6a684ca69e h1:bxv1PRXnl+QcPMYhB44QIpcTyMQg2fXbMsEaDzfmKhQ=
google.golang.org/grpc v0.0.0-20180607172857-7a6a684ca69e/go.mod h1:yo6s7OP7yaDglbqo1J04qKzAhqBH6lvTonzMVmEdcZw=
